// !$*UTF8*$!
{
	archiveVersion = 1;
	classes = {
	};
	objectVersion = 52;
	objects = {

/* Begin PBXBuildFile section */
		A4F12BE116D0CCE8002BCCFB /* CoronaLicensingLibrary.cpp in Sources */ = {isa = PBXBuildFile; fileRef = A4F12BDD16D0CCE8002BCCFB /* CoronaLicensingLibrary.cpp */; };
		A4F12BE216D0CCEF002BCCFB /* CoronaProvider.licensing.lua in Sources */ = {isa = PBXBuildFile; fileRef = A4F12BDF16D0CCE8002BCCFB /* CoronaProvider.licensing.lua */; };
		A4F12BE316D0CCEF002BCCFB /* licensing.lua in Sources */ = {isa = PBXBuildFile; fileRef = A4F12BE016D0CCE8002BCCFB /* licensing.lua */; };
/* End PBXBuildFile section */

/* Begin PBXBuildRule section */
		A41AC12C16A6134900AD331A /* PBXBuildRule */ = {
			isa = PBXBuildRule;
			compilerSpec = com.apple.compilers.proxy.script;
			filePatterns = "*.lua";
			fileType = pattern.proxy;
			inputFiles = (
			);
			isEditable = 1;
			outputFiles = (
				"$TARGET_TEMP_DIR/$(INPUT_FILE_BASE).c",
			);
			runOncePerArchitecture = 0;
			script = "CORONA_DIR=$SRCROOT/CoronaEnterprise/Corona\nCORONA_MAC_BIN_DIR=$CORONA_DIR/mac/bin\n\nif [ -e \"$CORONA_MAC_BIN_DIR/lua\" ]; then\n    LUA_DIR=$CORONA_MAC_BIN_DIR/lua\nelse\n    echo \"Could not find proper 32-bit lua build in: $CORONA_MAC_BIN_DIR/lua\"\n    exit 1\nfi\n\necho $CORONA_MAC_BIN_DIR/lua2c.sh $INPUT_FILE_PATH $TARGET_TEMP_DIR $CONFIGURATION\n\"$CORONA_MAC_BIN_DIR/lua2c.sh\" \"$INPUT_FILE_PATH\" \"$TARGET_TEMP_DIR\" \"$CONFIGURATION\" \"$CORONA_MAC_BIN_DIR\"\n";
		};
/* End PBXBuildRule section */

/* Begin PBXCopyFilesBuildPhase section */
		A4E253B4166D6FB300DCDC2C /* CopyFiles */ = {
			isa = PBXCopyFilesBuildPhase;
			buildActionMask = 2147483647;
			dstPath = "include/${PRODUCT_NAME}";
			dstSubfolderSpec = 16;
			files = (
			);
			runOnlyForDeploymentPostprocessing = 0;
		};
/* End PBXCopyFilesBuildPhase section */

/* Begin PBXFileReference section */
		A4E253B6166D6FB300DCDC2C /* liblicensing.a */ = {isa = PBXFileReference; explicitFileType = archive.ar; includeInIndex = 0; path = liblicensing.a; sourceTree = BUILT_PRODUCTS_DIR; };
		A4F12BDD16D0CCE8002BCCFB /* CoronaLicensingLibrary.cpp */ = {isa = PBXFileReference; fileEncoding = 4; lastKnownFileType = sourcecode.cpp.cpp; name = CoronaLicensingLibrary.cpp; path = ../shared/CoronaLicensingLibrary.cpp; sourceTree = "<group>"; };
		A4F12BDE16D0CCE8002BCCFB /* CoronaLicensingLibrary.h */ = {isa = PBXFileReference; fileEncoding = 4; lastKnownFileType = sourcecode.c.h; name = CoronaLicensingLibrary.h; path = ../shared/CoronaLicensingLibrary.h; sourceTree = "<group>"; };
		A4F12BDF16D0CCE8002BCCFB /* CoronaProvider.licensing.lua */ = {isa = PBXFileReference; fileEncoding = 4; lastKnownFileType = text; name = CoronaProvider.licensing.lua; path = ../shared/CoronaProvider.licensing.lua; sourceTree = "<group>"; };
		A4F12BE016D0CCE8002BCCFB /* licensing.lua */ = {isa = PBXFileReference; fileEncoding = 4; lastKnownFileType = text; name = licensing.lua; path = ../shared/licensing.lua; sourceTree = "<group>"; };
/* End PBXFileReference section */

/* Begin PBXFrameworksBuildPhase section */
		A4E253B3166D6FB300DCDC2C /* Frameworks */ = {
			isa = PBXFrameworksBuildPhase;
			buildActionMask = 2147483647;
			files = (
			);
			runOnlyForDeploymentPostprocessing = 0;
		};
/* End PBXFrameworksBuildPhase section */

/* Begin PBXGroup section */
		A447B609165D72A6009EA762 /* shared */ = {
			isa = PBXGroup;
			children = (
				A4F12BDD16D0CCE8002BCCFB /* CoronaLicensingLibrary.cpp */,
				A4F12BDE16D0CCE8002BCCFB /* CoronaLicensingLibrary.h */,
				A4F12BDF16D0CCE8002BCCFB /* CoronaProvider.licensing.lua */,
				A4F12BE016D0CCE8002BCCFB /* licensing.lua */,
			);
			name = shared;
			sourceTree = "<group>";
		};
		A484110E15114F700074BD57 = {
			isa = PBXGroup;
			children = (
				A447B609165D72A6009EA762 /* shared */,
				A484111A15114F700074BD57 /* Products */,
			);
			sourceTree = "<group>";
		};
		A484111A15114F700074BD57 /* Products */ = {
			isa = PBXGroup;
			children = (
				A4E253B6166D6FB300DCDC2C /* liblicensing.a */,
			);
			name = Products;
			sourceTree = "<group>";
		};
/* End PBXGroup section */

/* Begin PBXNativeTarget section */
		A4E253B5166D6FB300DCDC2C /* licensing */ = {
			isa = PBXNativeTarget;
			buildConfigurationList = A4E253BF166D6FB300DCDC2C /* Build configuration list for PBXNativeTarget "licensing" */;
			buildPhases = (
				A4E253B2166D6FB300DCDC2C /* Sources */,
				A4E253B3166D6FB300DCDC2C /* Frameworks */,
				A4E253B4166D6FB300DCDC2C /* CopyFiles */,
			);
			buildRules = (
				A41AC12C16A6134900AD331A /* PBXBuildRule */,
			);
			dependencies = (
			);
			name = licensing;
			productName = plugin_library;
			productReference = A4E253B6166D6FB300DCDC2C /* liblicensing.a */;
			productType = "com.apple.product-type.library.static";
		};
/* End PBXNativeTarget section */

/* Begin PBXProject section */
		A484111015114F700074BD57 /* Project object */ = {
			isa = PBXProject;
			attributes = {
				LastUpgradeCheck = 0420;
			};
			buildConfigurationList = A484111315114F700074BD57 /* Build configuration list for PBXProject "Plugin" */;
			compatibilityVersion = "Xcode 3.2";
			developmentRegion = English;
			hasScannedForEncodings = 0;
			knownRegions = (
				English,
				en,
			);
			mainGroup = A484110E15114F700074BD57;
			productRefGroup = A484111A15114F700074BD57 /* Products */;
			projectDirPath = "";
			projectRoot = "";
			targets = (
				A4E253B5166D6FB300DCDC2C /* licensing */,
			);
		};
/* End PBXProject section */

/* Begin PBXSourcesBuildPhase section */
		A4E253B2166D6FB300DCDC2C /* Sources */ = {
			isa = PBXSourcesBuildPhase;
			buildActionMask = 2147483647;
			files = (
				A4F12BE216D0CCEF002BCCFB /* CoronaProvider.licensing.lua in Sources */,
				A4F12BE316D0CCEF002BCCFB /* licensing.lua in Sources */,
				A4F12BE116D0CCE8002BCCFB /* CoronaLicensingLibrary.cpp in Sources */,
			);
			runOnlyForDeploymentPostprocessing = 0;
		};
/* End PBXSourcesBuildPhase section */

/* Begin XCBuildConfiguration section */
		A484114015114F700074BD57 /* Debug */ = {
			isa = XCBuildConfiguration;
			buildSettings = {
				ALWAYS_SEARCH_USER_PATHS = NO;
				"CODE_SIGN_IDENTITY[sdk=iphoneos*]" = "iPhone Developer";
				COPY_PHASE_STRIP = NO;
				GCC_C_LANGUAGE_STANDARD = gnu99;
				GCC_DYNAMIC_NO_PIC = NO;
				GCC_OPTIMIZATION_LEVEL = 0;
				GCC_PREPROCESSOR_DEFINITIONS = (
					"DEBUG=1",
					"$(inherited)",
				);
				GCC_SYMBOLS_PRIVATE_EXTERN = NO;
				GCC_VERSION = com.apple.compilers.llvm.clang.1_0;
				GCC_WARN_ABOUT_MISSING_PROTOTYPES = YES;
				GCC_WARN_ABOUT_RETURN_TYPE = YES;
				GCC_WARN_UNUSED_VARIABLE = YES;
				IPHONEOS_DEPLOYMENT_TARGET = 6.0;
				SDKROOT = iphoneos;
				TARGETED_DEVICE_FAMILY = "1,2";
				USER_HEADER_SEARCH_PATHS = (
					"${SRCROOT}/CoronaEnterprise/Corona/shared/include/Corona",
					"${SRCROOT}/CoronaEnterprise/Corona/shared/include/lua",
					"${SRCROOT}/CoronaEnterprise/Corona/ios/include/Corona",
				);
			};
			name = Debug;
		};
		A484114115114F700074BD57 /* Release */ = {
			isa = XCBuildConfiguration;
			buildSettings = {
				ALWAYS_SEARCH_USER_PATHS = NO;
				"CODE_SIGN_IDENTITY[sdk=iphoneos*]" = "iPhone Developer";
				COPY_PHASE_STRIP = YES;
				GCC_C_LANGUAGE_STANDARD = gnu99;
				GCC_VERSION = com.apple.compilers.llvm.clang.1_0;
				GCC_WARN_ABOUT_MISSING_PROTOTYPES = YES;
				GCC_WARN_ABOUT_RETURN_TYPE = YES;
				GCC_WARN_UNUSED_VARIABLE = YES;
				IPHONEOS_DEPLOYMENT_TARGET = 6.0;
				OTHER_CFLAGS = "-DNS_BLOCK_ASSERTIONS=1";
				SDKROOT = iphoneos;
				TARGETED_DEVICE_FAMILY = "1,2";
				USER_HEADER_SEARCH_PATHS = (
					"${SRCROOT}/CoronaEnterprise/Corona/shared/include/Corona",
					"${SRCROOT}/CoronaEnterprise/Corona/shared/include/lua",
					"${SRCROOT}/CoronaEnterprise/Corona/ios/include/Corona",
				);
				VALIDATE_PRODUCT = YES;
			};
			name = Release;
		};
		A4E253C0166D6FB300DCDC2C /* Debug */ = {
			isa = XCBuildConfiguration;
			buildSettings = {
				CLANG_WARN_EMPTY_BODY = YES;
				CLANG_WARN__DUPLICATE_METHOD_MATCH = YES;
				DSTROOT = /tmp/licensing.dst;
				GCC_PRECOMPILE_PREFIX_HEADER = NO;
				GCC_WARN_UNINITIALIZED_AUTOS = YES;
				OTHER_LDFLAGS = "-ObjC";
				PRODUCT_NAME = "$(TARGET_NAME)";
				SKIP_INSTALL = YES;
			};
			name = Debug;
		};
		A4E253C1166D6FB300DCDC2C /* Release */ = {
			isa = XCBuildConfiguration;
			buildSettings = {
				CLANG_WARN_EMPTY_BODY = YES;
				CLANG_WARN__DUPLICATE_METHOD_MATCH = YES;
				DSTROOT = /tmp/licensing.dst;
				"EXCLUDED_ARCHS[sdk=iphonesimulator*]" = arm64;
				GCC_PRECOMPILE_PREFIX_HEADER = NO;
				GCC_WARN_UNINITIALIZED_AUTOS = YES;
				OTHER_LDFLAGS = "-ObjC";
				PRODUCT_NAME = "$(TARGET_NAME)";
				SKIP_INSTALL = YES;
			};
			name = Release;
		};
/* End XCBuildConfiguration section */

/* Begin XCConfigurationList section */
		A484111315114F700074BD57 /* Build configuration list for PBXProject "Plugin" */ = {
			isa = XCConfigurationList;
			buildConfigurations = (
				A484114015114F700074BD57 /* Debug */,
				A484114115114F700074BD57 /* Release */,
			);
			defaultConfigurationIsVisible = 0;
			defaultConfigurationName = Release;
		};
		A4E253BF166D6FB300DCDC2C /* Build configuration list for PBXNativeTarget "licensing" */ = {
			isa = XCConfigurationList;
			buildConfigurations = (
				A4E253C0166D6FB300DCDC2C /* Debug */,
				A4E253C1166D6FB300DCDC2C /* Release */,
			);
			defaultConfigurationIsVisible = 0;
			defaultConfigurationName = Release;
		};
/* End XCConfigurationList section */
	};
	rootObject = A484111015114F700074BD57 /* Project object */;
}
