// !$*UTF8*$!
{
	archiveVersion = 1;
	classes = {
	};
	objectVersion = 52;
	objects = {

/* Begin PBXBuildFile section */
		A4F12BEC16D0CD20002BCCFB /* CoronaLicensingLibrary.cpp in Sources */ = {isa = PBXBuildFile; fileRef = A4F12BE816D0CD20002BCCFB /* CoronaLicensingLibrary.cpp */; };
		A4F12BED16D0CD20002BCCFB /* CoronaLicensingLibrary.h in Headers */ = {isa = PBXBuildFile; fileRef = A4F12BE916D0CD20002BCCFB /* CoronaLicensingLibrary.h */; };
		A4F12BEE16D0CD2F002BCCFB /* CoronaProvider.licensing.lua in Sources */ = {isa = PBXBuildFile; fileRef = A4F12BEA16D0CD20002BCCFB /* CoronaProvider.licensing.lua */; };
		A4F12BEF16D0CD2F002BCCFB /* licensing.lua in Sources */ = {isa = PBXBuildFile; fileRef = A4F12BEB16D0CD20002BCCFB /* licensing.lua */; };
/* End PBXBuildFile section */

/* Begin PBXBuildRule section */
		A491863C1641DDB800A39286 /* PBXBuildRule */ = {
			isa = PBXBuildRule;
			compilerSpec = com.apple.compilers.proxy.script;
			filePatterns = "*.lua";
			fileType = pattern.proxy;
			inputFiles = (
			);
			isEditable = 1;
			outputFiles = (
				"$TARGET_TEMP_DIR/$(INPUT_FILE_BASE).c",
			);
			runOncePerArchitecture = 0;
			script = "CORONA_MAC_BIN_DIR=$SRCROOT/../../../bin/mac/\nif [ ! -d \"$CORONA_MAC_BIN_DIR\" ]\nthen\n    CORONA_DIR=$SRCROOT/CoronaEnterprise/Corona\n    CORONA_MAC_BIN_DIR=$CORONA_DIR/mac/bin\nfi\n\nif [ -e \"$CORONA_MAC_BIN_DIR/lua\" ]; then\n    LUA_DIR=$CORONA_MAC_BIN_DIR/lua\nelse\n    echo \"Could not find proper 32-bit lua build in: $CORONA_MAC_BIN_DIR/lua\"\n    exit 1\nfi\n\necho $CORONA_MAC_BIN_DIR/lua2c.sh $INPUT_FILE_PATH $TARGET_TEMP_DIR $CONFIGURATION\n\"$CORONA_MAC_BIN_DIR/lua2c.sh\" \"$INPUT_FILE_PATH\" \"$TARGET_TEMP_DIR\" \"$CONFIGURATION\" \"$CORONA_MAC_BIN_DIR\"\n";
		};
/* End PBXBuildRule section */

/* Begin PBXFileReference section */
		A4430897164C70D800B9117B /* Foundation.framework */ = {isa = PBXFileReference; lastKnownFileType = wrapper.framework; name = Foundation.framework; path = System/Library/Frameworks/Foundation.framework; sourceTree = SDKROOT; };
		A49186401641DDB800A39286 /* licensing.dylib */ = {isa = PBXFileReference; explicitFileType = "compiled.mach-o.dylib"; includeInIndex = 0; path = licensing.dylib; sourceTree = BUILT_PRODUCTS_DIR; };
		A4F12BE816D0CD20002BCCFB /* CoronaLicensingLibrary.cpp */ = {isa = PBXFileReference; fileEncoding = 4; lastKnownFileType = sourcecode.cpp.cpp; name = CoronaLicensingLibrary.cpp; path = ../shared/CoronaLicensingLibrary.cpp; sourceTree = "<group>"; };
		A4F12BE916D0CD20002BCCFB /* CoronaLicensingLibrary.h */ = {isa = PBXFileReference; fileEncoding = 4; lastKnownFileType = sourcecode.c.h; name = CoronaLicensingLibrary.h; path = ../shared/CoronaLicensingLibrary.h; sourceTree = "<group>"; };
		A4F12BEA16D0CD20002BCCFB /* CoronaProvider.licensing.lua */ = {isa = PBXFileReference; fileEncoding = 4; lastKnownFileType = text; name = CoronaProvider.licensing.lua; path = ../shared/CoronaProvider.licensing.lua; sourceTree = "<group>"; };
		A4F12BEB16D0CD20002BCCFB /* licensing.lua */ = {isa = PBXFileReference; fileEncoding = 4; lastKnownFileType = text; name = licensing.lua; path = ../shared/licensing.lua; sourceTree = "<group>"; };
/* End PBXFileReference section */

/* Begin PBXFrameworksBuildPhase section */
		A49186381641DDB800A39286 /* Frameworks */ = {
			isa = PBXFrameworksBuildPhase;
			buildActionMask = 2147483647;
			files = (
			);
			runOnlyForDeploymentPostprocessing = 0;
		};
/* End PBXFrameworksBuildPhase section */

/* Begin PBXGroup section */
		A4151F3316879B8200B2B43A /* shared */ = {
			isa = PBXGroup;
			children = (
				A4F12BE816D0CD20002BCCFB /* CoronaLicensingLibrary.cpp */,
				A4F12BE916D0CD20002BCCFB /* CoronaLicensingLibrary.h */,
				A4F12BEA16D0CD20002BCCFB /* CoronaProvider.licensing.lua */,
				A4F12BEB16D0CD20002BCCFB /* licensing.lua */,
			);
			name = shared;
			sourceTree = "<group>";
		};
		A482DA7815F9B7E70084DC42 = {
			isa = PBXGroup;
			children = (
				A4151F3316879B8200B2B43A /* shared */,
				A482DA8615F9B7E70084DC42 /* Frameworks */,
				A482DA8515F9B7E70084DC42 /* Products */,
			);
			sourceTree = "<group>";
		};
		A482DA8515F9B7E70084DC42 /* Products */ = {
			isa = PBXGroup;
			children = (
				A49186401641DDB800A39286 /* licensing.dylib */,
			);
			name = Products;
			sourceTree = "<group>";
		};
		A482DA8615F9B7E70084DC42 /* Frameworks */ = {
			isa = PBXGroup;
			children = (
				A4430897164C70D800B9117B /* Foundation.framework */,
			);
			name = Frameworks;
			sourceTree = "<group>";
		};
/* End PBXGroup section */

/* Begin PBXHeadersBuildPhase section */
		A491863A1641DDB800A39286 /* Headers */ = {
			isa = PBXHeadersBuildPhase;
			buildActionMask = 2147483647;
			files = (
				A4F12BED16D0CD20002BCCFB /* CoronaLicensingLibrary.h in Headers */,
			);
			runOnlyForDeploymentPostprocessing = 0;
		};
/* End PBXHeadersBuildPhase section */

/* Begin PBXNativeTarget section */
		A49186331641DDB800A39286 /* licensing */ = {
			isa = PBXNativeTarget;
			buildConfigurationList = A491863D1641DDB800A39286 /* Build configuration list for PBXNativeTarget "licensing" */;
			buildPhases = (
				A49186341641DDB800A39286 /* Sources */,
				A49186381641DDB800A39286 /* Frameworks */,
				A491863A1641DDB800A39286 /* Headers */,
				A42BD5801686D85100DC652D /* ShellScript */,
			);
			buildRules = (
				A491863C1641DDB800A39286 /* PBXBuildRule */,
			);
			dependencies = (
			);
			name = licensing;
			productName = ads;
			productReference = A49186401641DDB800A39286 /* licensing.dylib */;
			productType = "com.apple.product-type.library.dynamic";
		};
/* End PBXNativeTarget section */

/* Begin PBXProject section */
		A482DA7A15F9B7E70084DC42 /* Project object */ = {
			isa = PBXProject;
			attributes = {
				LastUpgradeCheck = 0440;
			};
			buildConfigurationList = A482DA7D15F9B7E70084DC42 /* Build configuration list for PBXProject "Plugin" */;
			compatibilityVersion = "Xcode 3.2";
			developmentRegion = English;
			hasScannedForEncodings = 0;
			knownRegions = (
				English,
				en,
			);
			mainGroup = A482DA7815F9B7E70084DC42;
			productRefGroup = A482DA8515F9B7E70084DC42 /* Products */;
			projectDirPath = "";
			projectRoot = "";
			targets = (
				A49186331641DDB800A39286 /* licensing */,
			);
		};
/* End PBXProject section */

/* Begin PBXShellScriptBuildPhase section */
		A42BD5801686D85100DC652D /* ShellScript */ = {
			isa = PBXShellScriptBuildPhase;
			buildActionMask = 2147483647;
			files = (
			);
			inputPaths = (
			);
			outputPaths = (
			);
			runOnlyForDeploymentPostprocessing = 0;
			shellPath = /bin/sh;
			shellScript = "#\n# Checks exit value for error\n# \ncheckError() {\n    if [ $? -ne 0 ]\n    then\n        echo \"Exiting due to errors (above)\"\n        exit -1\n    fi\n}\n\nPLUGINS_DIR=\"${HOME}/Library/Application Support/Corona/Simulator/Plugins\"\n\nmkdir -p \"$PLUGINS_DIR\"\ncheckError\n\n# Only copy on Debug builds\nif [[ ! ( \"$CONFIGURATION\" =~ .*Debug.* ) ]]\nthen\n    echo \"For $CONFIGURATION, we do *not* copy to $PLUGINS_DIR\"\n    exit 0\nelse\n    echo \"For $CONFIGURATION, copy $FULL_PRODUCT_NAME to $PLUGINS_DIR:\"\nfi\n\ncp -v $CONFIGURATION_BUILD_DIR/$FULL_PRODUCT_NAME \"$PLUGINS_DIR\"/.\ncheckError\n";
			showEnvVarsInLog = 0;
		};
/* End PBXShellScriptBuildPhase section */

/* Begin PBXSourcesBuildPhase section */
		A49186341641DDB800A39286 /* Sources */ = {
			isa = PBXSourcesBuildPhase;
			buildActionMask = 2147483647;
			files = (
				A4F12BEE16D0CD2F002BCCFB /* CoronaProvider.licensing.lua in Sources */,
				A4F12BEF16D0CD2F002BCCFB /* licensing.lua in Sources */,
				A4F12BEC16D0CD20002BCCFB /* CoronaLicensingLibrary.cpp in Sources */,
			);
			runOnlyForDeploymentPostprocessing = 0;
		};
/* End PBXSourcesBuildPhase section */

/* Begin XCBuildConfiguration section */
		A482DA9715F9B7E70084DC42 /* Debug */ = {
			isa = XCBuildConfiguration;
			buildSettings = {
				ALWAYS_SEARCH_USER_PATHS = NO;
				ARCHS = "$(ARCHS_STANDARD_64_BIT)";
				CLANG_CXX_LANGUAGE_STANDARD = "gnu++0x";
				CLANG_WARN__DUPLICATE_METHOD_MATCH = YES;
				COPY_PHASE_STRIP = NO;
				GCC_C_LANGUAGE_STANDARD = gnu99;
				GCC_DYNAMIC_NO_PIC = NO;
				GCC_ENABLE_OBJC_EXCEPTIONS = YES;
				GCC_OPTIMIZATION_LEVEL = 0;
				GCC_PREPROCESSOR_DEFINITIONS = (
					"DEBUG=1",
					CORONA_DEBUG,
					"$(inherited)",
				);
				GCC_SYMBOLS_PRIVATE_EXTERN = NO;
				GCC_WARN_64_TO_32_BIT_CONVERSION = YES;
				GCC_WARN_ABOUT_RETURN_TYPE = YES;
				GCC_WARN_UNINITIALIZED_AUTOS = YES;
				GCC_WARN_UNUSED_VARIABLE = YES;
				MACOSX_DEPLOYMENT_TARGET = 10.9;
				ONLY_ACTIVE_ARCH = YES;
				OTHER_LDFLAGS = (
					"-undefined",
					dynamic_lookup,
				);
				SDKROOT = macosx;
				USER_HEADER_SEARCH_PATHS = (
					"${SRCROOT}/CoronaEnterprise/Corona/shared/include/Corona",
					"${SRCROOT}/CoronaEnterprise/Corona/shared/include/lua",
					"${SRCROOT}/CoronaEnterprise/Corona/ios/include/Corona",
					"${SRCROOT}/../../../external/lua-5.1.3/src",
					"${SRCROOT}/../../../librtt/Corona",
				);
			};
			name = Debug;
		};
		A482DA9815F9B7E70084DC42 /* Release */ = {
			isa = XCBuildConfiguration;
			buildSettings = {
				ALWAYS_SEARCH_USER_PATHS = NO;
				ARCHS = "$(ARCHS_STANDARD_64_BIT)";
				CLANG_CXX_LANGUAGE_STANDARD = "gnu++0x";
				CLANG_WARN__DUPLICATE_METHOD_MATCH = YES;
				COPY_PHASE_STRIP = YES;
				DEBUG_INFORMATION_FORMAT = "dwarf-with-dsym";
				GCC_C_LANGUAGE_STANDARD = gnu99;
				GCC_ENABLE_OBJC_EXCEPTIONS = YES;
				GCC_WARN_64_TO_32_BIT_CONVERSION = YES;
				GCC_WARN_ABOUT_RETURN_TYPE = YES;
				GCC_WARN_UNINITIALIZED_AUTOS = YES;
				GCC_WARN_UNUSED_VARIABLE = YES;
				MACOSX_DEPLOYMENT_TARGET = 10.9;
				OTHER_LDFLAGS = (
					"-undefined",
					dynamic_lookup,
				);
				SDKROOT = macosx;
				USER_HEADER_SEARCH_PATHS = (
					"${SRCROOT}/CoronaEnterprise/Corona/shared/include/Corona",
					"${SRCROOT}/CoronaEnterprise/Corona/shared/include/lua",
					"${SRCROOT}/CoronaEnterprise/Corona/ios/include/Corona",
					"${SRCROOT}/../../../external/lua-5.1.3/src",
					"${SRCROOT}/../../../librtt/Corona",
				);
			};
			name = Release;
		};
		A491863E1641DDB800A39286 /* Debug */ = {
			isa = XCBuildConfiguration;
			buildSettings = {
				DYLIB_COMPATIBILITY_VERSION = 1;
				DYLIB_CURRENT_VERSION = 1;
				GCC_PRECOMPILE_PREFIX_HEADER = YES;
				INSTALL_PATH = "@rpath";
				PRODUCT_NAME = licensing;
			};
			name = Debug;
		};
		A491863F1641DDB800A39286 /* Release */ = {
			isa = XCBuildConfiguration;
			buildSettings = {
				DYLIB_COMPATIBILITY_VERSION = 1;
				DYLIB_CURRENT_VERSION = 1;
				GCC_PRECOMPILE_PREFIX_HEADER = YES;
				INSTALL_PATH = "@rpath";
				PRODUCT_NAME = licensing;
			};
			name = Release;
		};
/* End XCBuildConfiguration section */

/* Begin XCConfigurationList section */
		A482DA7D15F9B7E70084DC42 /* Build configuration list for PBXProject "Plugin" */ = {
			isa = XCConfigurationList;
			buildConfigurations = (
				A482DA9715F9B7E70084DC42 /* Debug */,
				A482DA9815F9B7E70084DC42 /* Release */,
			);
			defaultConfigurationIsVisible = 0;
			defaultConfigurationName = Release;
		};
		A491863D1641DDB800A39286 /* Build configuration list for PBXNativeTarget "licensing" */ = {
			isa = XCConfigurationList;
			buildConfigurations = (
				A491863E1641DDB800A39286 /* Debug */,
				A491863F1641DDB800A39286 /* Release */,
			);
			defaultConfigurationIsVisible = 0;
			defaultConfigurationName = Release;
		};
/* End XCConfigurationList section */
	};
	rootObject = A482DA7A15F9B7E70084DC42 /* Project object */;
}
